
Microsoft Visual Studio Solution File, Format Version 12.00
# Visual Studio 15
VisualStudioVersion = 15.0.26403.7
MinimumVisualStudioVersion = 10.0.40219.1
Project("{FAE04EC0-301F-11D3-BF4B-00C04F79EFBC}") = "FantasyFootballMedia", "FantasyFootballMedia\FantasyFootballMedia.csproj", "{AB3CF8A1-52CB-4DA2-B03A-811C8EA931BA}"
EndProject
Project("{FAE04EC0-301F-11D3-BF4B-00C04F79EFBC}") = "FantasyFootballMedia.SignalR", "..\FantasyFootballMedia.SignalR\FantasyFootballMedia.SignalR.csproj", "{AC81C4E6-2242-4575-A3EC-4AC85A6B48FE}"
EndProject
Global
	GlobalSection(SolutionConfigurationPlatforms) = preSolution
		Debug|Any CPU = Debug|Any CPU
		Release|Any CPU = Release|Any CPU
	EndGlobalSection
	GlobalSection(ProjectConfigurationPlatforms) = postSolution
		{AB3CF8A1-52CB-4DA2-B03A-811C8EA931BA}.Debug|Any CPU.ActiveCfg = Debug|Any CPU
		{AB3CF8A1-52CB-4DA2-B03A-811C8EA931BA}.Debug|Any CPU.Build.0 = Debug|Any CPU
		{AB3CF8A1-52CB-4DA2-B03A-811C8EA931BA}.Release|Any CPU.ActiveCfg = Release|Any CPU
		{AB3CF8A1-52CB-4DA2-B03A-811C8EA931BA}.Release|Any CPU.Build.0 = Release|Any CPU
		{AC81C4E6-2242-4575-A3EC-4AC85A6B48FE}.Debug|Any CPU.ActiveCfg = Debug|Any CPU
		{AC81C4E6-2242-4575-A3EC-4AC85A6B48FE}.Debug|Any CPU.Build.0 = Debug|Any CPU
		{AC81C4E6-2242-4575-A3EC-4AC85A6B48FE}.Release|Any CPU.ActiveCfg = Release|Any CPU
		{AC81C4E6-2242-4575-A3EC-4AC85A6B48FE}.Release|Any CPU.Build.0 = Release|Any CPU
	EndGlobalSection
	GlobalSection(SolutionProperties) = preSolution
		HideSolutionNode = FALSE
	EndGlobalSection
EndGlobal
